
Microsoft Visual Studio Solution File, Format Version 12.00
# Visual Studio Version 16
VisualStudioVersion = 16.0.31321.278
MinimumVisualStudioVersion = 10.0.40219.1
Project("{2150E333-8FDC-42A3-9474-1A3956D46DE8}") = "Services", "Services", "{E2F3CBE8-0AA7-4BD5-B961-66939C160F2A}"
EndProject
Project("{2150E333-8FDC-42A3-9474-1A3956D46DE8}") = "Catalog", "Catalog", "{54F8CACA-CB3D-4D1C-9D7F-8D89C06D498D}"
EndProject
Project("{FAE04EC0-301F-11D3-BF4B-00C04F79EFBC}") = "Catalog.API", "Services\Catalog\Catalog.API\Catalog.API.csproj", "{6EE34020-277D-4329-9987-D9D0A10723EF}"
EndProject
Global
	GlobalSection(SolutionConfigurationPlatforms) = preSolution
		Debug|Any CPU = Debug|Any CPU
		Release|Any CPU = Release|Any CPU
	EndGlobalSection
	GlobalSection(ProjectConfigurationPlatforms) = postSolution
		{6EE34020-277D-4329-9987-D9D0A10723EF}.Debug|Any CPU.ActiveCfg = Debug|Any CPU
		{6EE34020-277D-4329-9987-D9D0A10723EF}.Debug|Any CPU.Build.0 = Debug|Any CPU
		{6EE34020-277D-4329-9987-D9D0A10723EF}.Release|Any CPU.ActiveCfg = Release|Any CPU
		{6EE34020-277D-4329-9987-D9D0A10723EF}.Release|Any CPU.Build.0 = Release|Any CPU
	EndGlobalSection
	GlobalSection(SolutionProperties) = preSolution
		HideSolutionNode = FALSE
	EndGlobalSection
	GlobalSection(NestedProjects) = preSolution
		{54F8CACA-CB3D-4D1C-9D7F-8D89C06D498D} = {E2F3CBE8-0AA7-4BD5-B961-66939C160F2A}
		{6EE34020-277D-4329-9987-D9D0A10723EF} = {54F8CACA-CB3D-4D1C-9D7F-8D89C06D498D}
	EndGlobalSection
	GlobalSection(ExtensibilityGlobals) = postSolution
		SolutionGuid = {8690DFEE-70F4-46F0-B530-FFB36FE70507}
	EndGlobalSection
EndGlobal
